
Microsoft Visual Studio Solution File, Format Version 12.00
# Visual Studio Version 17
VisualStudioVersion = 17.4.33205.214
MinimumVisualStudioVersion = 10.0.40219.1
Project("{9A19103F-16F7-4668-BE54-9A1E7A4F7556}") = "tests", "tests\tests.csproj", "{4DFF762C-7ADC-41C7-BCCA-80F4510FB2CE}"
EndProject
Project("{FAE04EC0-301F-11D3-BF4B-00C04F79EFBC}") = "testProject", "testProject\testProject.csproj", "{725BB9FA-DE9B-472E-B909-D0487D5A18C6}"
EndProject
Global
	GlobalSection(SolutionConfigurationPlatforms) = preSolution
		Debug|Any CPU = Debug|Any CPU
		Release|Any CPU = Release|Any CPU
	EndGlobalSection
	GlobalSection(ProjectConfigurationPlatforms) = postSolution
		{4DFF762C-7ADC-41C7-BCCA-80F4510FB2CE}.Debug|Any CPU.ActiveCfg = Debug|Any CPU
		{4DFF762C-7ADC-41C7-BCCA-80F4510FB2CE}.Debug|Any CPU.Build.0 = Debug|Any CPU
		{4DFF762C-7ADC-41C7-BCCA-80F4510FB2CE}.Release|Any CPU.ActiveCfg = Release|Any CPU
		{4DFF762C-7ADC-41C7-BCCA-80F4510FB2CE}.Release|Any CPU.Build.0 = Release|Any CPU
		{725BB9FA-DE9B-472E-B909-D0487D5A18C6}.Debug|Any CPU.ActiveCfg = Debug|Any CPU
		{725BB9FA-DE9B-472E-B909-D0487D5A18C6}.Debug|Any CPU.Build.0 = Debug|Any CPU
		{725BB9FA-DE9B-472E-B909-D0487D5A18C6}.Release|Any CPU.ActiveCfg = Release|Any CPU
		{725BB9FA-DE9B-472E-B909-D0487D5A18C6}.Release|Any CPU.Build.0 = Release|Any CPU
	EndGlobalSection
	GlobalSection(SolutionProperties) = preSolution
		HideSolutionNode = FALSE
	EndGlobalSection
	GlobalSection(ExtensibilityGlobals) = postSolution
		SolutionGuid = {E45A8DBB-F80C-4755-9810-1C61EF1F338D}
	EndGlobalSection
EndGlobal
