
Microsoft Visual Studio Solution File, Format Version 12.00
# Visual Studio Version 17
VisualStudioVersion = 17.4.33205.214
MinimumVisualStudioVersion = 10.0.40219.1
Project("{9A19103F-16F7-4668-BE54-9A1E7A4F7556}") = "tests", "test\tests.csproj", "{34880D04-ED01-4CA5-8286-CC10FDB434A7}"
EndProject
Project("{9A19103F-16F7-4668-BE54-9A1E7A4F7556}") = "code", "src\code.csproj", "{6F98B60F-764D-48F5-B73F-BA7B260D878C}"
EndProject
Global
	GlobalSection(SolutionConfigurationPlatforms) = preSolution
		Debug|Any CPU = Debug|Any CPU
		Release|Any CPU = Release|Any CPU
	EndGlobalSection
	GlobalSection(ProjectConfigurationPlatforms) = postSolution
		{34880D04-ED01-4CA5-8286-CC10FDB434A7}.Debug|Any CPU.ActiveCfg = Debug|Any CPU
		{34880D04-ED01-4CA5-8286-CC10FDB434A7}.Debug|Any CPU.Build.0 = Debug|Any CPU
		{34880D04-ED01-4CA5-8286-CC10FDB434A7}.Release|Any CPU.ActiveCfg = Release|Any CPU
		{34880D04-ED01-4CA5-8286-CC10FDB434A7}.Release|Any CPU.Build.0 = Release|Any CPU
		{6F98B60F-764D-48F5-B73F-BA7B260D878C}.Debug|Any CPU.ActiveCfg = Debug|Any CPU
		{6F98B60F-764D-48F5-B73F-BA7B260D878C}.Debug|Any CPU.Build.0 = Debug|Any CPU
		{6F98B60F-764D-48F5-B73F-BA7B260D878C}.Release|Any CPU.ActiveCfg = Release|Any CPU
		{6F98B60F-764D-48F5-B73F-BA7B260D878C}.Release|Any CPU.Build.0 = Release|Any CPU
	EndGlobalSection
	GlobalSection(SolutionProperties) = preSolution
		HideSolutionNode = FALSE
	EndGlobalSection
	GlobalSection(ExtensibilityGlobals) = postSolution
		SolutionGuid = {E45A8DBB-F80C-4755-9810-1C61EF1F338D}
	EndGlobalSection
EndGlobal
